
Microsoft Visual Studio Solution File, Format Version 12.00
# Visual Studio 16
Project("{FAE04EC0-301F-11D3-BF4B-00C04F79EFBC}") = "Assembly-CSharp", "Assembly-CSharp.csproj", "{0BCF640D-C076-B210-E3DD-E92C741EA375}"
EndProject
Project("{FAE04EC0-301F-11D3-BF4B-00C04F79EFBC}") = "Assembly-CSharp-Editor", "Assembly-CSharp-Editor.csproj", "{83F0BA88-12BB-AF68-E5B9-AA59072AF2B5}"
EndProject
Global
	GlobalSection(SolutionConfigurationPlatforms) = preSolution
		Debug|Any CPU = Debug|Any CPU
		Release|Any CPU = Release|Any CPU
	EndGlobalSection
	GlobalSection(ProjectConfigurationPlatforms) = postSolution
		{0BCF640D-C076-B210-E3DD-E92C741EA375}.Debug|Any CPU.ActiveCfg = Debug|Any CPU
		{0BCF640D-C076-B210-E3DD-E92C741EA375}.Debug|Any CPU.Build.0 = Debug|Any CPU
		{0BCF640D-C076-B210-E3DD-E92C741EA375}.Release|Any CPU.ActiveCfg = Release|Any CPU
		{0BCF640D-C076-B210-E3DD-E92C741EA375}.Release|Any CPU.Build.0 = Release|Any CPU
		{83F0BA88-12BB-AF68-E5B9-AA59072AF2B5}.Debug|Any CPU.ActiveCfg = Debug|Any CPU
		{83F0BA88-12BB-AF68-E5B9-AA59072AF2B5}.Debug|Any CPU.Build.0 = Debug|Any CPU
		{83F0BA88-12BB-AF68-E5B9-AA59072AF2B5}.Release|Any CPU.ActiveCfg = Release|Any CPU
		{83F0BA88-12BB-AF68-E5B9-AA59072AF2B5}.Release|Any CPU.Build.0 = Release|Any CPU
	EndGlobalSection
	GlobalSection(SolutionProperties) = preSolution
		HideSolutionNode = FALSE
	EndGlobalSection
EndGlobal
